Microsoft Visual Studio Solution File, Format Version 11.00
# Visual Studio 2008

Project("{90166278-2E7B-5DD3-5262-5A63DC04ADC1}") = "Technnovation_V3", "Assembly-CSharp.csproj", "{903FAEFB-1EC6-B9B3-7641-2030585A33FD}"
EndProject
Global
	GlobalSection(SolutionConfigurationPlatforms) = preSolution
		Debug|Any CPU = Debug|Any CPU
		Release|Any CPU = Release|Any CPU
	EndGlobalSection
	GlobalSection(ProjectConfigurationPlatforms) = postSolution
		{903FAEFB-1EC6-B9B3-7641-2030585A33FD}.Debug|Any CPU.ActiveCfg = Debug|Any CPU
		{903FAEFB-1EC6-B9B3-7641-2030585A33FD}.Debug|Any CPU.Build.0 = Debug|Any CPU
		{903FAEFB-1EC6-B9B3-7641-2030585A33FD}.Release|Any CPU.ActiveCfg = Release|Any CPU
		{903FAEFB-1EC6-B9B3-7641-2030585A33FD}.Release|Any CPU.Build.0 = Release|Any CPU
	EndGlobalSection
	GlobalSection(SolutionProperties) = preSolution
		HideSolutionNode = FALSE
	EndGlobalSection
	GlobalSection(MonoDevelopProperties) = preSolution
		StartupItem = Assembly-CSharp.csproj
	EndGlobalSection
EndGlobal
